github.com/benbjohnson/clock v1.3.5 h1:VvXlSJBzZpA/zum6Sj74hxwYI2DIxRWuNIoXAzHZz5o=
github.com/benbjohnson/clock v1.3.5/go.mod h1:J11/hYXuz8f4ySSvYwY0FKfm+ezbsZBKZxNJlLklBHA=
github.com/lib/pq v1.10.9 h1:YXG7RB+JIjhP29X+OtkiDnYaXQwpS4JEWq7dtCCRUEw=
github.com/lib/pq v1.10.9/go.mod h1:AlVN5x4E4T544tWzH6hKfbfQvm3HdbOxrmggDNAPY9o=
